// !$*UTF8*$!
{
	archiveVersion = 1;
	classes = {
	};
	objectVersion = 46;
	objects = {

/* Begin PBXBuildFile section */
		0D385AA51F5DEE0F003B35EB /* main.m in Sources */ = {isa = PBXBuildFile; fileRef = 0D385AA41F5DEE0F003B35EB /* main.m */; };
		0D385AA81F5DEE0F003B35EB /* AppDelegate.m in Sources */ = {isa = PBXBuildFile; fileRef = 0D385AA71F5DEE0F003B35EB /* AppDelegate.m */; };
		0D385AAB1F5DEE0F003B35EB /* ViewController.m in Sources */ = {isa = PBXBuildFile; fileRef = 0D385AAA1F5DEE0F003B35EB /* ViewController.m */; };
		0D385AAE1F5DEE0F003B35EB /* Main.storyboard in Resources */ = {isa = PBXBuildFile; fileRef = 0D385AAC1F5DEE0F003B35EB /* Main.storyboard */; };
		0D385AB01F5DEE0F003B35EB /* Assets.xcassets in Resources */ = {isa = PBXBuildFile; fileRef = 0D385AAF1F5DEE0F003B35EB /* Assets.xcassets */; };
		0D385AB31F5DEE0F003B35EB /* LaunchScreen.storyboard in Resources */ = {isa = PBXBuildFile; fileRef = 0D385AB11F5DEE0F003B35EB /* LaunchScreen.storyboard */; };
		0D385ABE1F5DEE0F003B35EB /* HelloIntileryTests.m in Sources */ = {isa = PBXBuildFile; fileRef = 0D385ABD1F5DEE0F003B35EB /* HelloIntileryTests.m */; };
		89E172905B0B37F75CC668AE /* libPods-HelloIntileryTests.a in Frameworks */ = {isa = PBXBuildFile; fileRef = 8DB3F05DDF18A6BCA8367669 /* libPods-HelloIntileryTests.a */; };
		D11963E6E1170470E0C45129 /* libPods-HelloIntilery.a in Frameworks */ = {isa = PBXBuildFile; fileRef = 7DB4105868E0EF0CF0B87C10 /* libPods-HelloIntilery.a */; };
/* End PBXBuildFile section */

/* Begin PBXContainerItemProxy section */
		0D385ABA1F5DEE0F003B35EB /* PBXContainerItemProxy */ = {
			isa = PBXContainerItemProxy;
			containerPortal = 0D385A981F5DEE0F003B35EB /* Project object */;
			proxyType = 1;
			remoteGlobalIDString = 0D385A9F1F5DEE0F003B35EB;
			remoteInfo = HelloIntilery;
		};
/* End PBXContainerItemProxy section */

/* Begin PBXFileReference section */
		0D385AA01F5DEE0F003B35EB /* HelloIntilery.app */ = {isa = PBXFileReference; explicitFileType = wrapper.application; includeInIndex = 0; path = HelloIntilery.app; sourceTree = BUILT_PRODUCTS_DIR; };
		0D385AA41F5DEE0F003B35EB /* main.m */ = {isa = PBXFileReference; lastKnownFileType = sourcecode.c.objc; path = main.m; sourceTree = "<group>"; };
		0D385AA61F5DEE0F003B35EB /* AppDelegate.h */ = {isa = PBXFileReference; lastKnownFileType = sourcecode.c.h; path = AppDelegate.h; sourceTree = "<group>"; };
		0D385AA71F5DEE0F003B35EB /* AppDelegate.m */ = {isa = PBXFileReference; lastKnownFileType = sourcecode.c.objc; path = AppDelegate.m; sourceTree = "<group>"; };
		0D385AA91F5DEE0F003B35EB /* ViewController.h */ = {isa = PBXFileReference; lastKnownFileType = sourcecode.c.h; path = ViewController.h; sourceTree = "<group>"; };
		0D385AAA1F5DEE0F003B35EB /* ViewController.m */ = {isa = PBXFileReference; lastKnownFileType = sourcecode.c.objc; path = ViewController.m; sourceTree = "<group>"; };
		0D385AAD1F5DEE0F003B35EB /* Base */ = {isa = PBXFileReference; lastKnownFileType = file.storyboard; name = Base; path = Base.lproj/Main.storyboard; sourceTree = "<group>"; };
		0D385AAF1F5DEE0F003B35EB /* Assets.xcassets */ = {isa = PBXFileReference; lastKnownFileType = folder.assetcatalog; path = Assets.xcassets; sourceTree = "<group>"; };
		0D385AB21F5DEE0F003B35EB /* Base */ = {isa = PBXFileReference; lastKnownFileType = file.storyboard; name = Base; path = Base.lproj/LaunchScreen.storyboard; sourceTree = "<group>"; };
		0D385AB41F5DEE0F003B35EB /* Info.plist */ = {isa = PBXFileReference; lastKnownFileType = text.plist.xml; path = Info.plist; sourceTree = "<group>"; };
		0D385AB91F5DEE0F003B35EB /* HelloIntileryTests.xctest */ = {isa = PBXFileReference; explicitFileType = wrapper.cfbundle; includeInIndex = 0; path = HelloIntileryTests.xctest; sourceTree = BUILT_PRODUCTS_DIR; };
		0D385ABD1F5DEE0F003B35EB /* HelloIntileryTests.m */ = {isa = PBXFileReference; lastKnownFileType = sourcecode.c.objc; path = HelloIntileryTests.m; sourceTree = "<group>"; };
		0D385ABF1F5DEE0F003B35EB /* Info.plist */ = {isa = PBXFileReference; lastKnownFileType = text.plist.xml; path = Info.plist; sourceTree = "<group>"; };
		0D5E68A31F5EB3470080861B /* HelloIntilery.entitlements */ = {isa = PBXFileReference; lastKnownFileType = text.plist.entitlements; path = HelloIntilery.entitlements; sourceTree = "<group>"; };
		2F96350B7D9D9D549F7EFBEA /* Pods-HelloIntileryTests.release.xcconfig */ = {isa = PBXFileReference; includeInIndex = 1; lastKnownFileType = text.xcconfig; name = "Pods-HelloIntileryTests.release.xcconfig"; path = "Pods/Target Support Files/Pods-HelloIntileryTests/Pods-HelloIntileryTests.release.xcconfig"; sourceTree = "<group>"; };
		37C4EF4A0BF255D0644D8A6E /* Pods-HelloIntileryTests.debug.xcconfig */ = {isa = PBXFileReference; includeInIndex = 1; lastKnownFileType = text.xcconfig; name = "Pods-HelloIntileryTests.debug.xcconfig"; path = "Pods/Target Support Files/Pods-HelloIntileryTests/Pods-HelloIntileryTests.debug.xcconfig"; sourceTree = "<group>"; };
		58DEA850560C42796BEDB56B /* Pods-HelloIntilery.debug.xcconfig */ = {isa = PBXFileReference; includeInIndex = 1; lastKnownFileType = text.xcconfig; name = "Pods-HelloIntilery.debug.xcconfig"; path = "Pods/Target Support Files/Pods-HelloIntilery/Pods-HelloIntilery.debug.xcconfig"; sourceTree = "<group>"; };
		7DB4105868E0EF0CF0B87C10 /* libPods-HelloIntilery.a */ = {isa = PBXFileReference; explicitFileType = archive.ar; includeInIndex = 0; path = "libPods-HelloIntilery.a"; sourceTree = BUILT_PRODUCTS_DIR; };
		8DB3F05DDF18A6BCA8367669 /* libPods-HelloIntileryTests.a */ = {isa = PBXFileReference; explicitFileType = archive.ar; includeInIndex = 0; path = "libPods-HelloIntileryTests.a"; sourceTree = BUILT_PRODUCTS_DIR; };
		AA1F9B4E120D0E03AD6560BE /* Pods-HelloIntilery.release.xcconfig */ = {isa = PBXFileReference; includeInIndex = 1; lastKnownFileType = text.xcconfig; name = "Pods-HelloIntilery.release.xcconfig"; path = "Pods/Target Support Files/Pods-HelloIntilery/Pods-HelloIntilery.release.xcconfig"; sourceTree = "<group>"; };
/* End PBXFileReference section */

/* Begin PBXFrameworksBuildPhase section */
		0D385A9D1F5DEE0F003B35EB /* Frameworks */ = {
			isa = PBXFrameworksBuildPhase;
			buildActionMask = 2147483647;
			files = (
				D11963E6E1170470E0C45129 /* libPods-HelloIntilery.a in Frameworks */,
			);
			runOnlyForDeploymentPostprocessing = 0;
		};
		0D385AB61F5DEE0F003B35EB /* Frameworks */ = {
			isa = PBXFrameworksBuildPhase;
			buildActionMask = 2147483647;
			files = (
				89E172905B0B37F75CC668AE /* libPods-HelloIntileryTests.a in Frameworks */,
			);
			runOnlyForDeploymentPostprocessing = 0;
		};
/* End PBXFrameworksBuildPhase section */

/* Begin PBXGroup section */
		02BEABB788A715F0F09FDA61 /* Frameworks */ = {
			isa = PBXGroup;
			children = (
				7DB4105868E0EF0CF0B87C10 /* libPods-HelloIntilery.a */,
				8DB3F05DDF18A6BCA8367669 /* libPods-HelloIntileryTests.a */,
			);
			name = Frameworks;
			sourceTree = "<group>";
		};
		0D385A971F5DEE0F003B35EB = {
			isa = PBXGroup;
			children = (
				0D385AA21F5DEE0F003B35EB /* HelloIntilery */,
				0D385ABC1F5DEE0F003B35EB /* HelloIntileryTests */,
				0D385AA11F5DEE0F003B35EB /* Products */,
				41D904ED5A974540196296F1 /* Pods */,
				02BEABB788A715F0F09FDA61 /* Frameworks */,
			);
			sourceTree = "<group>";
		};
		0D385AA11F5DEE0F003B35EB /* Products */ = {
			isa = PBXGroup;
			children = (
				0D385AA01F5DEE0F003B35EB /* HelloIntilery.app */,
				0D385AB91F5DEE0F003B35EB /* HelloIntileryTests.xctest */,
			);
			name = Products;
			sourceTree = "<group>";
		};
		0D385AA21F5DEE0F003B35EB /* HelloIntilery */ = {
			isa = PBXGroup;
			children = (
				0D5E68A31F5EB3470080861B /* HelloIntilery.entitlements */,
				0D385AA61F5DEE0F003B35EB /* AppDelegate.h */,
				0D385AA71F5DEE0F003B35EB /* AppDelegate.m */,
				0D385AA91F5DEE0F003B35EB /* ViewController.h */,
				0D385AAA1F5DEE0F003B35EB /* ViewController.m */,
				0D385AAC1F5DEE0F003B35EB /* Main.storyboard */,
				0D385AAF1F5DEE0F003B35EB /* Assets.xcassets */,
				0D385AB11F5DEE0F003B35EB /* LaunchScreen.storyboard */,
				0D385AB41F5DEE0F003B35EB /* Info.plist */,
				0D385AA31F5DEE0F003B35EB /* Supporting Files */,
			);
			path = HelloIntilery;
			sourceTree = "<group>";
		};
		0D385AA31F5DEE0F003B35EB /* Supporting Files */ = {
			isa = PBXGroup;
			children = (
				0D385AA41F5DEE0F003B35EB /* main.m */,
			);
			name = "Supporting Files";
			sourceTree = "<group>";
		};
		0D385ABC1F5DEE0F003B35EB /* HelloIntileryTests */ = {
			isa = PBXGroup;
			children = (
				0D385ABD1F5DEE0F003B35EB /* HelloIntileryTests.m */,
				0D385ABF1F5DEE0F003B35EB /* Info.plist */,
			);
			path = HelloIntileryTests;
			sourceTree = "<group>";
		};
		41D904ED5A974540196296F1 /* Pods */ = {
			isa = PBXGroup;
			children = (
				58DEA850560C42796BEDB56B /* Pods-HelloIntilery.debug.xcconfig */,
				AA1F9B4E120D0E03AD6560BE /* Pods-HelloIntilery.release.xcconfig */,
				37C4EF4A0BF255D0644D8A6E /* Pods-HelloIntileryTests.debug.xcconfig */,
				2F96350B7D9D9D549F7EFBEA /* Pods-HelloIntileryTests.release.xcconfig */,
			);
			name = Pods;
			sourceTree = "<group>";
		};
/* End PBXGroup section */

/* Begin PBXNativeTarget section */
		0D385A9F1F5DEE0F003B35EB /* HelloIntilery */ = {
			isa = PBXNativeTarget;
			buildConfigurationList = 0D385AC21F5DEE0F003B35EB /* Build configuration list for PBXNativeTarget "HelloIntilery" */;
			buildPhases = (
				95645C11B29BC8CEB28170D0 /* [CP] Check Pods Manifest.lock */,
				0D385A9C1F5DEE0F003B35EB /* Sources */,
				0D385A9D1F5DEE0F003B35EB /* Frameworks */,
				0D385A9E1F5DEE0F003B35EB /* Resources */,
				264E74C46393BCD47C007279 /* [CP] Embed Pods Frameworks */,
				464D5F771598E8032067444C /* [CP] Copy Pods Resources */,
			);
			buildRules = (
			);
			dependencies = (
			);
			name = HelloIntilery;
			productName = HelloIntilery;
			productReference = 0D385AA01F5DEE0F003B35EB /* HelloIntilery.app */;
			productType = "com.apple.product-type.application";
		};
		0D385AB81F5DEE0F003B35EB /* HelloIntileryTests */ = {
			isa = PBXNativeTarget;
			buildConfigurationList = 0D385AC51F5DEE0F003B35EB /* Build configuration list for PBXNativeTarget "HelloIntileryTests" */;
			buildPhases = (
				A11583FCB4023E2862D4E19D /* [CP] Check Pods Manifest.lock */,
				0D385AB51F5DEE0F003B35EB /* Sources */,
				0D385AB61F5DEE0F003B35EB /* Frameworks */,
				0D385AB71F5DEE0F003B35EB /* Resources */,
				72DA5B8AA61036F0C03F1C33 /* [CP] Embed Pods Frameworks */,
				91E42FC2F678D64690A42487 /* [CP] Copy Pods Resources */,
			);
			buildRules = (
			);
			dependencies = (
				0D385ABB1F5DEE0F003B35EB /* PBXTargetDependency */,
			);
			name = HelloIntileryTests;
			productName = HelloIntileryTests;
			productReference = 0D385AB91F5DEE0F003B35EB /* HelloIntileryTests.xctest */;
			productType = "com.apple.product-type.bundle.unit-test";
		};
/* End PBXNativeTarget section */

/* Begin PBXProject section */
		0D385A981F5DEE0F003B35EB /* Project object */ = {
			isa = PBXProject;
			attributes = {
				LastUpgradeCheck = 0920;
				ORGANIZATIONNAME = "Intilery.com Ltd";
				TargetAttributes = {
					0D385A9F1F5DEE0F003B35EB = {
						CreatedOnToolsVersion = 8.3.3;
						DevelopmentTeam = YG3H6QGGBY;
						ProvisioningStyle = Automatic;
						SystemCapabilities = {
							com.apple.BackgroundModes = {
								enabled = 0;
							};
							com.apple.Push = {
								enabled = 1;
							};
						};
					};
					0D385AB81F5DEE0F003B35EB = {
						CreatedOnToolsVersion = 8.3.3;
						DevelopmentTeam = YG3H6QGGBY;
						ProvisioningStyle = Automatic;
						TestTargetID = 0D385A9F1F5DEE0F003B35EB;
					};
				};
			};
			buildConfigurationList = 0D385A9B1F5DEE0F003B35EB /* Build configuration list for PBXProject "HelloIntilery" */;
			compatibilityVersion = "Xcode 3.2";
			developmentRegion = English;
			hasScannedForEncodings = 0;
			knownRegions = (
				en,
				Base,
			);
			mainGroup = 0D385A971F5DEE0F003B35EB;
			productRefGroup = 0D385AA11F5DEE0F003B35EB /* Products */;
			projectDirPath = "";
			projectRoot = "";
			targets = (
				0D385A9F1F5DEE0F003B35EB /* HelloIntilery */,
				0D385AB81F5DEE0F003B35EB /* HelloIntileryTests */,
			);
		};
/* End PBXProject section */

/* Begin PBXResourcesBuildPhase section */
		0D385A9E1F5DEE0F003B35EB /* Resources */ = {
			isa = PBXResourcesBuildPhase;
			buildActionMask = 2147483647;
			files = (
				0D385AB31F5DEE0F003B35EB /* LaunchScreen.storyboard in Resources */,
				0D385AB01F5DEE0F003B35EB /* Assets.xcassets in Resources */,
				0D385AAE1F5DEE0F003B35EB /* Main.storyboard in Resources */,
			);
			runOnlyForDeploymentPostprocessing = 0;
		};
		0D385AB71F5DEE0F003B35EB /* Resources */ = {
			isa = PBXResourcesBuildPhase;
			buildActionMask = 2147483647;
			files = (
			);
			runOnlyForDeploymentPostprocessing = 0;
		};
/* End PBXResourcesBuildPhase section */

/* Begin PBXShellScriptBuildPhase section */
		264E74C46393BCD47C007279 /* [CP] Embed Pods Frameworks */ = {
			isa = PBXShellScriptBuildPhase;
			buildActionMask = 2147483647;
			files = (
			);
			inputPaths = (
			);
			name = "[CP] Embed Pods Frameworks";
			outputPaths = (
			);
			runOnlyForDeploymentPostprocessing = 0;
			shellPath = /bin/sh;
			shellScript = "\"${SRCROOT}/Pods/Target Support Files/Pods-HelloIntilery/Pods-HelloIntilery-frameworks.sh\"\n";
			showEnvVarsInLog = 0;
		};
		464D5F771598E8032067444C /* [CP] Copy Pods Resources */ = {
			isa = PBXShellScriptBuildPhase;
			buildActionMask = 2147483647;
			files = (
			);
			inputPaths = (
			);
			name = "[CP] Copy Pods Resources";
			outputPaths = (
			);
			runOnlyForDeploymentPostprocessing = 0;
			shellPath = /bin/sh;
			shellScript = "\"${SRCROOT}/Pods/Target Support Files/Pods-HelloIntilery/Pods-HelloIntilery-resources.sh\"\n";
			showEnvVarsInLog = 0;
		};
		72DA5B8AA61036F0C03F1C33 /* [CP] Embed Pods Frameworks */ = {
			isa = PBXShellScriptBuildPhase;
			buildActionMask = 2147483647;
			files = (
			);
			inputPaths = (
			);
			name = "[CP] Embed Pods Frameworks";
			outputPaths = (
			);
			runOnlyForDeploymentPostprocessing = 0;
			shellPath = /bin/sh;
			shellScript = "\"${SRCROOT}/Pods/Target Support Files/Pods-HelloIntileryTests/Pods-HelloIntileryTests-frameworks.sh\"\n";
			showEnvVarsInLog = 0;
		};
		91E42FC2F678D64690A42487 /* [CP] Copy Pods Resources */ = {
			isa = PBXShellScriptBuildPhase;
			buildActionMask = 2147483647;
			files = (
			);
			inputPaths = (
			);
			name = "[CP] Copy Pods Resources";
			outputPaths = (
			);
			runOnlyForDeploymentPostprocessing = 0;
			shellPath = /bin/sh;
			shellScript = "\"${SRCROOT}/Pods/Target Support Files/Pods-HelloIntileryTests/Pods-HelloIntileryTests-resources.sh\"\n";
			showEnvVarsInLog = 0;
		};
		95645C11B29BC8CEB28170D0 /* [CP] Check Pods Manifest.lock */ = {
			isa = PBXShellScriptBuildPhase;
			buildActionMask = 2147483647;
			files = (
			);
			inputPaths = (
				"${PODS_PODFILE_DIR_PATH}/Podfile.lock",
				"${PODS_ROOT}/Manifest.lock",
			);
			name = "[CP] Check Pods Manifest.lock";
			outputPaths = (
				"$(DERIVED_FILE_DIR)/Pods-HelloIntilery-checkManifestLockResult.txt",
			);
			runOnlyForDeploymentPostprocessing = 0;
			shellPath = /bin/sh;
			shellScript = "diff \"${PODS_PODFILE_DIR_PATH}/Podfile.lock\" \"${PODS_ROOT}/Manifest.lock\" > /dev/null\nif [ $? != 0 ] ; then\n    # print error to STDERR\n    echo \"error: The sandbox is not in sync with the Podfile.lock. Run 'pod install' or update your CocoaPods installation.\" >&2\n    exit 1\nfi\n# This output is used by Xcode 'outputs' to avoid re-running this script phase.\necho \"SUCCESS\" > \"${SCRIPT_OUTPUT_FILE_0}\"\n";
			showEnvVarsInLog = 0;
		};
		A11583FCB4023E2862D4E19D /* [CP] Check Pods Manifest.lock */ = {
			isa = PBXShellScriptBuildPhase;
			buildActionMask = 2147483647;
			files = (
			);
			inputPaths = (
				"${PODS_PODFILE_DIR_PATH}/Podfile.lock",
				"${PODS_ROOT}/Manifest.lock",
			);
			name = "[CP] Check Pods Manifest.lock";
			outputPaths = (
				"$(DERIVED_FILE_DIR)/Pods-HelloIntileryTests-checkManifestLockResult.txt",
			);
			runOnlyForDeploymentPostprocessing = 0;
			shellPath = /bin/sh;
			shellScript = "diff \"${PODS_PODFILE_DIR_PATH}/Podfile.lock\" \"${PODS_ROOT}/Manifest.lock\" > /dev/null\nif [ $? != 0 ] ; then\n    # print error to STDERR\n    echo \"error: The sandbox is not in sync with the Podfile.lock. Run 'pod install' or update your CocoaPods installation.\" >&2\n    exit 1\nfi\n# This output is used by Xcode 'outputs' to avoid re-running this script phase.\necho \"SUCCESS\" > \"${SCRIPT_OUTPUT_FILE_0}\"\n";
			showEnvVarsInLog = 0;
		};
/* End PBXShellScriptBuildPhase section */

/* Begin PBXSourcesBuildPhase section */
		0D385A9C1F5DEE0F003B35EB /* Sources */ = {
			isa = PBXSourcesBuildPhase;
			buildActionMask = 2147483647;
			files = (
				0D385AAB1F5DEE0F003B35EB /* ViewController.m in Sources */,
				0D385AA81F5DEE0F003B35EB /* AppDelegate.m in Sources */,
				0D385AA51F5DEE0F003B35EB /* main.m in Sources */,
			);
			runOnlyForDeploymentPostprocessing = 0;
		};
		0D385AB51F5DEE0F003B35EB /* Sources */ = {
			isa = PBXSourcesBuildPhase;
			buildActionMask = 2147483647;
			files = (
				0D385ABE1F5DEE0F003B35EB /* HelloIntileryTests.m in Sources */,
			);
			runOnlyForDeploymentPostprocessing = 0;
		};
/* End PBXSourcesBuildPhase section */

/* Begin PBXTargetDependency section */
		0D385ABB1F5DEE0F003B35EB /* PBXTargetDependency */ = {
			isa = PBXTargetDependency;
			target = 0D385A9F1F5DEE0F003B35EB /* HelloIntilery */;
			targetProxy = 0D385ABA1F5DEE0F003B35EB /* PBXContainerItemProxy */;
		};
/* End PBXTargetDependency section */

/* Begin PBXVariantGroup section */
		0D385AAC1F5DEE0F003B35EB /* Main.storyboard */ = {
			isa = PBXVariantGroup;
			children = (
				0D385AAD1F5DEE0F003B35EB /* Base */,
			);
			name = Main.storyboard;
			sourceTree = "<group>";
		};
		0D385AB11F5DEE0F003B35EB /* LaunchScreen.storyboard */ = {
			isa = PBXVariantGroup;
			children = (
				0D385AB21F5DEE0F003B35EB /* Base */,
			);
			name = LaunchScreen.storyboard;
			sourceTree = "<group>";
		};
/* End PBXVariantGroup section */

/* Begin XCBuildConfiguration section */
		0D385AC01F5DEE0F003B35EB /* Debug */ = {
			isa = XCBuildConfiguration;
			buildSettings = {
				ALWAYS_SEARCH_USER_PATHS = NO;
				CLANG_ANALYZER_NONNULL = YES;
				CLANG_ANALYZER_NUMBER_OBJECT_CONVERSION = YES_AGGRESSIVE;
				CLANG_CXX_LANGUAGE_STANDARD = "gnu++0x";
				CLANG_CXX_LIBRARY = "libc++";
				CLANG_ENABLE_MODULES = YES;
				CLANG_ENABLE_OBJC_ARC = YES;
				CLANG_WARN_BLOCK_CAPTURE_AUTORELEASING = YES;
				CLANG_WARN_BOOL_CONVERSION = YES;
				CLANG_WARN_COMMA = YES;
				CLANG_WARN_CONSTANT_CONVERSION = YES;
				CLANG_WARN_DIRECT_OBJC_ISA_USAGE = YES_ERROR;
				CLANG_WARN_DOCUMENTATION_COMMENTS = YES;
				CLANG_WARN_EMPTY_BODY = YES;
				CLANG_WARN_ENUM_CONVERSION = YES;
				CLANG_WARN_INFINITE_RECURSION = YES;
				CLANG_WARN_INT_CONVERSION = YES;
				CLANG_WARN_NON_LITERAL_NULL_CONVERSION = YES;
				CLANG_WARN_OBJC_LITERAL_CONVERSION = YES;
				CLANG_WARN_OBJC_ROOT_CLASS = YES_ERROR;
				CLANG_WARN_RANGE_LOOP_ANALYSIS = YES;
				CLANG_WARN_STRICT_PROTOTYPES = YES;
				CLANG_WARN_SUSPICIOUS_MOVE = YES;
				CLANG_WARN_UNREACHABLE_CODE = YES;
				CLANG_WARN__DUPLICATE_METHOD_MATCH = YES;
				"CODE_SIGN_IDENTITY[sdk=iphoneos*]" = "iPhone Developer";
				COPY_PHASE_STRIP = NO;
				DEBUG_INFORMATION_FORMAT = dwarf;
				ENABLE_STRICT_OBJC_MSGSEND = YES;
				ENABLE_TESTABILITY = YES;
				GCC_C_LANGUAGE_STANDARD = gnu99;
				GCC_DYNAMIC_NO_PIC = NO;
				GCC_NO_COMMON_BLOCKS = YES;
				GCC_OPTIMIZATION_LEVEL = 0;
				GCC_PREPROCESSOR_DEFINITIONS = (
					"DEBUG=1",
					"$(inherited)",
				);
				GCC_WARN_64_TO_32_BIT_CONVERSION = YES;
				GCC_WARN_ABOUT_RETURN_TYPE = YES_ERROR;
				GCC_WARN_UNDECLARED_SELECTOR = YES;
				GCC_WARN_UNINITIALIZED_AUTOS = YES_AGGRESSIVE;
				GCC_WARN_UNUSED_FUNCTION = YES;
				GCC_WARN_UNUSED_VARIABLE = YES;
				IPHONEOS_DEPLOYMENT_TARGET = 10.3;
				MTL_ENABLE_DEBUG_INFO = YES;
				ONLY_ACTIVE_ARCH = YES;
				SDKROOT = iphoneos;
			};
			name = Debug;
		};
		0D385AC11F5DEE0F003B35EB /* Release */ = {
			isa = XCBuildConfiguration;
			buildSettings = {
				ALWAYS_SEARCH_USER_PATHS = NO;
				CLANG_ANALYZER_NONNULL = YES;
				CLANG_ANALYZER_NUMBER_OBJECT_CONVERSION = YES_AGGRESSIVE;
				CLANG_CXX_LANGUAGE_STANDARD = "gnu++0x";
				CLANG_CXX_LIBRARY = "libc++";
				CLANG_ENABLE_MODULES = YES;
				CLANG_ENABLE_OBJC_ARC = YES;
				CLANG_WARN_BLOCK_CAPTURE_AUTORELEASING = YES;
				CLANG_WARN_BOOL_CONVERSION = YES;
				CLANG_WARN_COMMA = YES;
				CLANG_WARN_CONSTANT_CONVERSION = YES;
				CLANG_WARN_DIRECT_OBJC_ISA_USAGE = YES_ERROR;
				CLANG_WARN_DOCUMENTATION_COMMENTS = YES;
				CLANG_WARN_EMPTY_BODY = YES;
				CLANG_WARN_ENUM_CONVERSION = YES;
				CLANG_WARN_INFINITE_RECURSION = YES;
				CLANG_WARN_INT_CONVERSION = YES;
				CLANG_WARN_NON_LITERAL_NULL_CONVERSION = YES;
				CLANG_WARN_OBJC_LITERAL_CONVERSION = YES;
				CLANG_WARN_OBJC_ROOT_CLASS = YES_ERROR;
				CLANG_WARN_RANGE_LOOP_ANALYSIS = YES;
				CLANG_WARN_STRICT_PROTOTYPES = YES;
				CLANG_WARN_SUSPICIOUS_MOVE = YES;
				CLANG_WARN_UNREACHABLE_CODE = YES;
				CLANG_WARN__DUPLICATE_METHOD_MATCH = YES;
				"CODE_SIGN_IDENTITY[sdk=iphoneos*]" = "iPhone Developer";
				COPY_PHASE_STRIP = NO;
				DEBUG_INFORMATION_FORMAT = "dwarf-with-dsym";
				ENABLE_NS_ASSERTIONS = NO;
				ENABLE_STRICT_OBJC_MSGSEND = YES;
				GCC_C_LANGUAGE_STANDARD = gnu99;
				GCC_NO_COMMON_BLOCKS = YES;
				GCC_WARN_64_TO_32_BIT_CONVERSION = YES;
				GCC_WARN_ABOUT_RETURN_TYPE = YES_ERROR;
				GCC_WARN_UNDECLARED_SELECTOR = YES;
				GCC_WARN_UNINITIALIZED_AUTOS = YES_AGGRESSIVE;
				GCC_WARN_UNUSED_FUNCTION = YES;
				GCC_WARN_UNUSED_VARIABLE = YES;
				IPHONEOS_DEPLOYMENT_TARGET = 10.3;
				MTL_ENABLE_DEBUG_INFO = NO;
				SDKROOT = iphoneos;
				VALIDATE_PRODUCT = YES;
			};
			name = Release;
		};
		0D385AC31F5DEE0F003B35EB /* Debug */ = {
			isa = XCBuildConfiguration;
			baseConfigurationReference = 58DEA850560C42796BEDB56B /* Pods-HelloIntilery.debug.xcconfig */;
			buildSettings = {
				ASSETCATALOG_COMPILER_APPICON_NAME = AppIcon;
				CODE_SIGN_ENTITLEMENTS = HelloIntilery/HelloIntilery.entitlements;
				DEVELOPMENT_TEAM = YG3H6QGGBY;
				INFOPLIST_FILE = HelloIntilery/Info.plist;
				LD_RUNPATH_SEARCH_PATHS = "$(inherited) @executable_path/Frameworks";
				PRODUCT_BUNDLE_IDENTIFIER = com.intilery.HelloIntilery;
				PRODUCT_NAME = "$(TARGET_NAME)";
			};
			name = Debug;
		};
		0D385AC41F5DEE0F003B35EB /* Release */ = {
			isa = XCBuildConfiguration;
			baseConfigurationReference = AA1F9B4E120D0E03AD6560BE /* Pods-HelloIntilery.release.xcconfig */;
			buildSettings = {
				ASSETCATALOG_COMPILER_APPICON_NAME = AppIcon;
				CODE_SIGN_ENTITLEMENTS = HelloIntilery/HelloIntilery.entitlements;
				DEVELOPMENT_TEAM = YG3H6QGGBY;
				INFOPLIST_FILE = HelloIntilery/Info.plist;
				LD_RUNPATH_SEARCH_PATHS = "$(inherited) @executable_path/Frameworks";
				PRODUCT_BUNDLE_IDENTIFIER = com.intilery.HelloIntilery;
				PRODUCT_NAME = "$(TARGET_NAME)";
			};
			name = Release;
		};
		0D385AC61F5DEE0F003B35EB /* Debug */ = {
			isa = XCBuildConfiguration;
			baseConfigurationReference = 37C4EF4A0BF255D0644D8A6E /* Pods-HelloIntileryTests.debug.xcconfig */;
			buildSettings = {
				BUNDLE_LOADER = "$(TEST_HOST)";
				DEVELOPMENT_TEAM = YG3H6QGGBY;
				INFOPLIST_FILE = HelloIntileryTests/Info.plist;
				LD_RUNPATH_SEARCH_PATHS = "$(inherited) @executable_path/Frameworks @loader_path/Frameworks";
				PRODUCT_BUNDLE_IDENTIFIER = com.intilery.HelloIntileryTests;
				PRODUCT_NAME = "$(TARGET_NAME)";
				TEST_HOST = "$(BUILT_PRODUCTS_DIR)/HelloIntilery.app/HelloIntilery";
			};
			name = Debug;
		};
		0D385AC71F5DEE0F003B35EB /* Release */ = {
			isa = XCBuildConfiguration;
			baseConfigurationReference = 2F96350B7D9D9D549F7EFBEA /* Pods-HelloIntileryTests.release.xcconfig */;
			buildSettings = {
				BUNDLE_LOADER = "$(TEST_HOST)";
				DEVELOPMENT_TEAM = YG3H6QGGBY;
				INFOPLIST_FILE = HelloIntileryTests/Info.plist;
				LD_RUNPATH_SEARCH_PATHS = "$(inherited) @executable_path/Frameworks @loader_path/Frameworks";
				PRODUCT_BUNDLE_IDENTIFIER = com.intilery.HelloIntileryTests;
				PRODUCT_NAME = "$(TARGET_NAME)";
				TEST_HOST = "$(BUILT_PRODUCTS_DIR)/HelloIntilery.app/HelloIntilery";
			};
			name = Release;
		};
/* End XCBuildConfiguration section */

/* Begin XCConfigurationList section */
		0D385A9B1F5DEE0F003B35EB /* Build configuration list for PBXProject "HelloIntilery" */ = {
			isa = XCConfigurationList;
			buildConfigurations = (
				0D385AC01F5DEE0F003B35EB /* Debug */,
				0D385AC11F5DEE0F003B35EB /* Release */,
			);
			defaultConfigurationIsVisible = 0;
			defaultConfigurationName = Release;
		};
		0D385AC21F5DEE0F003B35EB /* Build configuration list for PBXNativeTarget "HelloIntilery" */ = {
			isa = XCConfigurationList;
			buildConfigurations = (
				0D385AC31F5DEE0F003B35EB /* Debug */,
				0D385AC41F5DEE0F003B35EB /* Release */,
			);
			defaultConfigurationIsVisible = 0;
			defaultConfigurationName = Release;
		};
		0D385AC51F5DEE0F003B35EB /* Build configuration list for PBXNativeTarget "HelloIntileryTests" */ = {
			isa = XCConfigurationList;
			buildConfigurations = (
				0D385AC61F5DEE0F003B35EB /* Debug */,
				0D385AC71F5DEE0F003B35EB /* Release */,
			);
			defaultConfigurationIsVisible = 0;
			defaultConfigurationName = Release;
		};
/* End XCConfigurationList section */
	};
	rootObject = 0D385A981F5DEE0F003B35EB /* Project object */;
}
